// !$*UTF8*$!
{
	archiveVersion = 1;
	classes = {
	};
	objectVersion = 50;
	objects = {

/* Begin PBXBuildFile section */
		179EFE8FFA2355D0970EB0B1 /* Pods_WebSocketClient.framework in Frameworks */ = {isa = PBXBuildFile; fileRef = 14E9EC0E4A742F98AB1902F7 /* Pods_WebSocketClient.framework */; };
		AC8175C22417369D00F6689F /* AppDelegate.swift in Sources */ = {isa = PBXBuildFile; fileRef = AC8175C12417369D00F6689F /* AppDelegate.swift */; };
		AC8175C42417369D00F6689F /* SceneDelegate.swift in Sources */ = {isa = PBXBuildFile; fileRef = AC8175C32417369D00F6689F /* SceneDelegate.swift */; };
		AC8175C62417369D00F6689F /* ViewController.swift in Sources */ = {isa = PBXBuildFile; fileRef = AC8175C52417369D00F6689F /* ViewController.swift */; };
		AC8175C92417369D00F6689F /* Main.storyboard in Resources */ = {isa = PBXBuildFile; fileRef = AC8175C72417369D00F6689F /* Main.storyboard */; };
		AC8175CB2417369E00F6689F /* Assets.xcassets in Resources */ = {isa = PBXBuildFile; fileRef = AC8175CA2417369E00F6689F /* Assets.xcassets */; };
		AC8175CE2417369E00F6689F /* LaunchScreen.storyboard in Resources */ = {isa = PBXBuildFile; fileRef = AC8175CC2417369E00F6689F /* LaunchScreen.storyboard */; };
/* End PBXBuildFile section */

/* Begin PBXFileReference section */
		14E9EC0E4A742F98AB1902F7 /* Pods_WebSocketClient.framework */ = {isa = PBXFileReference; explicitFileType = wrapper.framework; includeInIndex = 0; path = Pods_WebSocketClient.framework; sourceTree = BUILT_PRODUCTS_DIR; };
		1FBD7C0730B9DA63B9B90B40 /* Pods-WebSocketClient.debug.xcconfig */ = {isa = PBXFileReference; includeInIndex = 1; lastKnownFileType = text.xcconfig; name = "Pods-WebSocketClient.debug.xcconfig"; path = "Target Support Files/Pods-WebSocketClient/Pods-WebSocketClient.debug.xcconfig"; sourceTree = "<group>"; };
		7EFBA8C71C9BA12D625907B9 /* Pods-WebSocketClient.release.xcconfig */ = {isa = PBXFileReference; includeInIndex = 1; lastKnownFileType = text.xcconfig; name = "Pods-WebSocketClient.release.xcconfig"; path = "Target Support Files/Pods-WebSocketClient/Pods-WebSocketClient.release.xcconfig"; sourceTree = "<group>"; };
		AC8175BE2417369D00F6689F /* WebSocketClient.app */ = {isa = PBXFileReference; explicitFileType = wrapper.application; includeInIndex = 0; path = WebSocketClient.app; sourceTree = BUILT_PRODUCTS_DIR; };
		AC8175C12417369D00F6689F /* AppDelegate.swift */ = {isa = PBXFileReference; lastKnownFileType = sourcecode.swift; path = AppDelegate.swift; sourceTree = "<group>"; };
		AC8175C32417369D00F6689F /* SceneDelegate.swift */ = {isa = PBXFileReference; lastKnownFileType = sourcecode.swift; path = SceneDelegate.swift; sourceTree = "<group>"; };
		AC8175C52417369D00F6689F /* ViewController.swift */ = {isa = PBXFileReference; lastKnownFileType = sourcecode.swift; path = ViewController.swift; sourceTree = "<group>"; };
		AC8175C82417369D00F6689F /* Base */ = {isa = PBXFileReference; lastKnownFileType = file.storyboard; name = Base; path = Base.lproj/Main.storyboard; sourceTree = "<group>"; };
		AC8175CA2417369E00F6689F /* Assets.xcassets */ = {isa = PBXFileReference; lastKnownFileType = folder.assetcatalog; path = Assets.xcassets; sourceTree = "<group>"; };
		AC8175CD2417369E00F6689F /* Base */ = {isa = PBXFileReference; lastKnownFileType = file.storyboard; name = Base; path = Base.lproj/LaunchScreen.storyboard; sourceTree = "<group>"; };
		AC8175CF2417369E00F6689F /* Info.plist */ = {isa = PBXFileReference; lastKnownFileType = text.plist.xml; path = Info.plist; sourceTree = "<group>"; };
/* End PBXFileReference section */

/* Begin PBXFrameworksBuildPhase section */
		AC8175BB2417369D00F6689F /* Frameworks */ = {
			isa = PBXFrameworksBuildPhase;
			buildActionMask = 2147483647;
			files = (
				179EFE8FFA2355D0970EB0B1 /* Pods_WebSocketClient.framework in Frameworks */,
			);
			runOnlyForDeploymentPostprocessing = 0;
		};
/* End PBXFrameworksBuildPhase section */

/* Begin PBXGroup section */
		1DF8473B0901C0417C01B6A9 /* Pods */ = {
			isa = PBXGroup;
			children = (
				1FBD7C0730B9DA63B9B90B40 /* Pods-WebSocketClient.debug.xcconfig */,
				7EFBA8C71C9BA12D625907B9 /* Pods-WebSocketClient.release.xcconfig */,
			);
			name = Pods;
			path = Pods;
			sourceTree = "<group>";
		};
		AC8175B52417369D00F6689F = {
			isa = PBXGroup;
			children = (
				AC8175C02417369D00F6689F /* WebSocketClient */,
				AC8175BF2417369D00F6689F /* Products */,
				1DF8473B0901C0417C01B6A9 /* Pods */,
				F5BADB7724CBAD26F93960E8 /* Frameworks */,
			);
			sourceTree = "<group>";
		};
		AC8175BF2417369D00F6689F /* Products */ = {
			isa = PBXGroup;
			children = (
				AC8175BE2417369D00F6689F /* WebSocketClient.app */,
			);
			name = Products;
			sourceTree = "<group>";
		};
		AC8175C02417369D00F6689F /* WebSocketClient */ = {
			isa = PBXGroup;
			children = (
				AC8175C12417369D00F6689F /* AppDelegate.swift */,
				AC8175C32417369D00F6689F /* SceneDelegate.swift */,
				AC8175C52417369D00F6689F /* ViewController.swift */,
				AC8175C72417369D00F6689F /* Main.storyboard */,
				AC8175CA2417369E00F6689F /* Assets.xcassets */,
				AC8175CC2417369E00F6689F /* LaunchScreen.storyboard */,
				AC8175CF2417369E00F6689F /* Info.plist */,
			);
			path = WebSocketClient;
			sourceTree = "<group>";
		};
		F5BADB7724CBAD26F93960E8 /* Frameworks */ = {
			isa = PBXGroup;
			children = (
				14E9EC0E4A742F98AB1902F7 /* Pods_WebSocketClient.framework */,
			);
			name = Frameworks;
			sourceTree = "<group>";
		};
/* End PBXGroup section */

/* Begin PBXNativeTarget section */
		AC8175BD2417369D00F6689F /* WebSocketClient */ = {
			isa = PBXNativeTarget;
			buildConfigurationList = AC8175D22417369E00F6689F /* Build configuration list for PBXNativeTarget "WebSocketClient" */;
			buildPhases = (
				587E57C7D5D99BDF0630545B /* [CP] Check Pods Manifest.lock */,
				AC8175BA2417369D00F6689F /* Sources */,
				AC8175BB2417369D00F6689F /* Frameworks */,
				AC8175BC2417369D00F6689F /* Resources */,
				D2BB8C5B5D1539FE25F66863 /* [CP] Embed Pods Frameworks */,
			);
			buildRules = (
			);
			dependencies = (
			);
			name = WebSocketClient;
			productName = WebSocketClient;
			productReference = AC8175BE2417369D00F6689F /* WebSocketClient.app */;
			productType = "com.apple.product-type.application";
		};
/* End PBXNativeTarget section */

/* Begin PBXProject section */
		AC8175B62417369D00F6689F /* Project object */ = {
			isa = PBXProject;
			attributes = {
				LastSwiftUpdateCheck = 1130;
				LastUpgradeCheck = 1130;
				ORGANIZATIONNAME = "zino-mac";
				TargetAttributes = {
					AC8175BD2417369D00F6689F = {
						CreatedOnToolsVersion = 11.3.1;
					};
				};
			};
			buildConfigurationList = AC8175B92417369D00F6689F /* Build configuration list for PBXProject "WebSocketClient" */;
			compatibilityVersion = "Xcode 9.3";
			developmentRegion = en;
			hasScannedForEncodings = 0;
			knownRegions = (
				en,
				Base,
			);
			mainGroup = AC8175B52417369D00F6689F;
			productRefGroup = AC8175BF2417369D00F6689F /* Products */;
			projectDirPath = "";
			projectRoot = "";
			targets = (
				AC8175BD2417369D00F6689F /* WebSocketClient */,
			);
		};
/* End PBXProject section */

/* Begin PBXResourcesBuildPhase section */
		AC8175BC2417369D00F6689F /* Resources */ = {
			isa = PBXResourcesBuildPhase;
			buildActionMask = 2147483647;
			files = (
				AC8175CE2417369E00F6689F /* LaunchScreen.storyboard in Resources */,
				AC8175CB2417369E00F6689F /* Assets.xcassets in Resources */,
				AC8175C92417369D00F6689F /* Main.storyboard in Resources */,
			);
			runOnlyForDeploymentPostprocessing = 0;
		};
/* End PBXResourcesBuildPhase section */

/* Begin PBXShellScriptBuildPhase section */
		587E57C7D5D99BDF0630545B /* [CP] Check Pods Manifest.lock */ = {
			isa = PBXShellScriptBuildPhase;
			buildActionMask = 2147483647;
			files = (
			);
			inputFileListPaths = (
			);
			inputPaths = (
				"${PODS_PODFILE_DIR_PATH}/Podfile.lock",
				"${PODS_ROOT}/Manifest.lock",
			);
			name = "[CP] Check Pods Manifest.lock";
			outputFileListPaths = (
			);
			outputPaths = (
				"$(DERIVED_FILE_DIR)/Pods-WebSocketClient-checkManifestLockResult.txt",
			);
			runOnlyForDeploymentPostprocessing = 0;
			shellPath = /bin/sh;
			shellScript = "diff \"${PODS_PODFILE_DIR_PATH}/Podfile.lock\" \"${PODS_ROOT}/Manifest.lock\" > /dev/null\nif [ $? != 0 ] ; then\n    # print error to STDERR\n    echo \"error: The sandbox is not in sync with the Podfile.lock. Run 'pod install' or update your CocoaPods installation.\" >&2\n    exit 1\nfi\n# This output is used by Xcode 'outputs' to avoid re-running this script phase.\necho \"SUCCESS\" > \"${SCRIPT_OUTPUT_FILE_0}\"\n";
			showEnvVarsInLog = 0;
		};
		D2BB8C5B5D1539FE25F66863 /* [CP] Embed Pods Frameworks */ = {
			isa = PBXShellScriptBuildPhase;
			buildActionMask = 2147483647;
			files = (
			);
			inputFileListPaths = (
				"${PODS_ROOT}/Target Support Files/Pods-WebSocketClient/Pods-WebSocketClient-frameworks-${CONFIGURATION}-input-files.xcfilelist",
			);
			name = "[CP] Embed Pods Frameworks";
			outputFileListPaths = (
				"${PODS_ROOT}/Target Support Files/Pods-WebSocketClient/Pods-WebSocketClient-frameworks-${CONFIGURATION}-output-files.xcfilelist",
			);
			runOnlyForDeploymentPostprocessing = 0;
			shellPath = /bin/sh;
			shellScript = "\"${PODS_ROOT}/Target Support Files/Pods-WebSocketClient/Pods-WebSocketClient-frameworks.sh\"\n";
			showEnvVarsInLog = 0;
		};
/* End PBXShellScriptBuildPhase section */

/* Begin PBXSourcesBuildPhase section */
		AC8175BA2417369D00F6689F /* Sources */ = {
			isa = PBXSourcesBuildPhase;
			buildActionMask = 2147483647;
			files = (
				AC8175C62417369D00F6689F /* ViewController.swift in Sources */,
				AC8175C22417369D00F6689F /* AppDelegate.swift in Sources */,
				AC8175C42417369D00F6689F /* SceneDelegate.swift in Sources */,
			);
			runOnlyForDeploymentPostprocessing = 0;
		};
/* End PBXSourcesBuildPhase section */

/* Begin PBXVariantGroup section */
		AC8175C72417369D00F6689F /* Main.storyboard */ = {
			isa = PBXVariantGroup;
			children = (
				AC8175C82417369D00F6689F /* Base */,
			);
			name = Main.storyboard;
			sourceTree = "<group>";
		};
		AC8175CC2417369E00F6689F /* LaunchScreen.storyboard */ = {
			isa = PBXVariantGroup;
			children = (
				AC8175CD2417369E00F6689F /* Base */,
			);
			name = LaunchScreen.storyboard;
			sourceTree = "<group>";
		};
/* End PBXVariantGroup section */

/* Begin XCBuildConfiguration section */
		AC8175D02417369E00F6689F /* Debug */ = {
			isa = XCBuildConfiguration;
			buildSettings = {
				ALWAYS_SEARCH_USER_PATHS = NO;
				CLANG_ANALYZER_NONNULL = YES;
				CLANG_ANALYZER_NUMBER_OBJECT_CONVERSION = YES_AGGRESSIVE;
				CLANG_CXX_LANGUAGE_STANDARD = "gnu++14";
				CLANG_CXX_LIBRARY = "libc++";
				CLANG_ENABLE_MODULES = YES;
				CLANG_ENABLE_OBJC_ARC = YES;
				CLANG_ENABLE_OBJC_WEAK = YES;
				CLANG_WARN_BLOCK_CAPTURE_AUTORELEASING = YES;
				CLANG_WARN_BOOL_CONVERSION = YES;
				CLANG_WARN_COMMA = YES;
				CLANG_WARN_CONSTANT_CONVERSION = YES;
				CLANG_WARN_DEPRECATED_OBJC_IMPLEMENTATIONS = YES;
				CLANG_WARN_DIRECT_OBJC_ISA_USAGE = YES_ERROR;
				CLANG_WARN_DOCUMENTATION_COMMENTS = YES;
				CLANG_WARN_EMPTY_BODY = YES;
				CLANG_WARN_ENUM_CONVERSION = YES;
				CLANG_WARN_INFINITE_RECURSION = YES;
				CLANG_WARN_INT_CONVERSION = YES;
				CLANG_WARN_NON_LITERAL_NULL_CONVERSION = YES;
				CLANG_WARN_OBJC_IMPLICIT_RETAIN_SELF = YES;
				CLANG_WARN_OBJC_LITERAL_CONVERSION = YES;
				CLANG_WARN_OBJC_ROOT_CLASS = YES_ERROR;
				CLANG_WARN_RANGE_LOOP_ANALYSIS = YES;
				CLANG_WARN_STRICT_PROTOTYPES = YES;
				CLANG_WARN_SUSPICIOUS_MOVE = YES;
				CLANG_WARN_UNGUARDED_AVAILABILITY = YES_AGGRESSIVE;
				CLANG_WARN_UNREACHABLE_CODE = YES;
				CLANG_WARN__DUPLICATE_METHOD_MATCH = YES;
				COPY_PHASE_STRIP = NO;
				DEBUG_INFORMATION_FORMAT = dwarf;
				ENABLE_STRICT_OBJC_MSGSEND = YES;
				ENABLE_TESTABILITY = YES;
				GCC_C_LANGUAGE_STANDARD = gnu11;
				GCC_DYNAMIC_NO_PIC = NO;
				GCC_NO_COMMON_BLOCKS = YES;
				GCC_OPTIMIZATION_LEVEL = 0;
				GCC_PREPROCESSOR_DEFINITIONS = (
					"DEBUG=1",
					"$(inherited)",
				);
				GCC_WARN_64_TO_32_BIT_CONVERSION = YES;
				GCC_WARN_ABOUT_RETURN_TYPE = YES_ERROR;
				GCC_WARN_UNDECLARED_SELECTOR = YES;
				GCC_WARN_UNINITIALIZED_AUTOS = YES_AGGRESSIVE;
				GCC_WARN_UNUSED_FUNCTION = YES;
				GCC_WARN_UNUSED_VARIABLE = YES;
				IPHONEOS_DEPLOYMENT_TARGET = 13.2;
				MTL_ENABLE_DEBUG_INFO = INCLUDE_SOURCE;
				MTL_FAST_MATH = YES;
				ONLY_ACTIVE_ARCH = YES;
				SDKROOT = iphoneos;
				SWIFT_ACTIVE_COMPILATION_CONDITIONS = DEBUG;
				SWIFT_OPTIMIZATION_LEVEL = "-Onone";
			};
			name = Debug;
		};
		AC8175D12417369E00F6689F /* Release */ = {
			isa = XCBuildConfiguration;
			buildSettings = {
				ALWAYS_SEARCH_USER_PATHS = NO;
				CLANG_ANALYZER_NONNULL = YES;
				CLANG_ANALYZER_NUMBER_OBJECT_CONVERSION = YES_AGGRESSIVE;
				CLANG_CXX_LANGUAGE_STANDARD = "gnu++14";
				CLANG_CXX_LIBRARY = "libc++";
				CLANG_ENABLE_MODULES = YES;
				CLANG_ENABLE_OBJC_ARC = YES;
				CLANG_ENABLE_OBJC_WEAK = YES;
				CLANG_WARN_BLOCK_CAPTURE_AUTORELEASING = YES;
				CLANG_WARN_BOOL_CONVERSION = YES;
				CLANG_WARN_COMMA = YES;
				CLANG_WARN_CONSTANT_CONVERSION = YES;
				CLANG_WARN_DEPRECATED_OBJC_IMPLEMENTATIONS = YES;
				CLANG_WARN_DIRECT_OBJC_ISA_USAGE = YES_ERROR;
				CLANG_WARN_DOCUMENTATION_COMMENTS = YES;
				CLANG_WARN_EMPTY_BODY = YES;
				CLANG_WARN_ENUM_CONVERSION = YES;
				CLANG_WARN_INFINITE_RECURSION = YES;
				CLANG_WARN_INT_CONVERSION = YES;
				CLANG_WARN_NON_LITERAL_NULL_CONVERSION = YES;
				CLANG_WARN_OBJC_IMPLICIT_RETAIN_SELF = YES;
				CLANG_WARN_OBJC_LITERAL_CONVERSION = YES;
				CLANG_WARN_OBJC_ROOT_CLASS = YES_ERROR;
				CLANG_WARN_RANGE_LOOP_ANALYSIS = YES;
				CLANG_WARN_STRICT_PROTOTYPES = YES;
				CLANG_WARN_SUSPICIOUS_MOVE = YES;
				CLANG_WARN_UNGUARDED_AVAILABILITY = YES_AGGRESSIVE;
				CLANG_WARN_UNREACHABLE_CODE = YES;
				CLANG_WARN__DUPLICATE_METHOD_MATCH = YES;
				COPY_PHASE_STRIP = NO;
				DEBUG_INFORMATION_FORMAT = "dwarf-with-dsym";
				ENABLE_NS_ASSERTIONS = NO;
				ENABLE_STRICT_OBJC_MSGSEND = YES;
				GCC_C_LANGUAGE_STANDARD = gnu11;
				GCC_NO_COMMON_BLOCKS = YES;
				GCC_WARN_64_TO_32_BIT_CONVERSION = YES;
				GCC_WARN_ABOUT_RETURN_TYPE = YES_ERROR;
				GCC_WARN_UNDECLARED_SELECTOR = YES;
				GCC_WARN_UNINITIALIZED_AUTOS = YES_AGGRESSIVE;
				GCC_WARN_UNUSED_FUNCTION = YES;
				GCC_WARN_UNUSED_VARIABLE = YES;
				IPHONEOS_DEPLOYMENT_TARGET = 13.2;
				MTL_ENABLE_DEBUG_INFO = NO;
				MTL_FAST_MATH = YES;
				SDKROOT = iphoneos;
				SWIFT_COMPILATION_MODE = wholemodule;
				SWIFT_OPTIMIZATION_LEVEL = "-O";
				VALIDATE_PRODUCT = YES;
			};
			name = Release;
		};
		AC8175D32417369E00F6689F /* Debug */ = {
			isa = XCBuildConfiguration;
			baseConfigurationReference = 1FBD7C0730B9DA63B9B90B40 /* Pods-WebSocketClient.debug.xcconfig */;
			buildSettings = {
				ASSETCATALOG_COMPILER_APPICON_NAME = AppIcon;
				CODE_SIGN_STYLE = Automatic;
				INFOPLIST_FILE = WebSocketClient/Info.plist;
				LD_RUNPATH_SEARCH_PATHS = (
					"$(inherited)",
					"@executable_path/Frameworks",
				);
				PRODUCT_BUNDLE_IDENTIFIER = com.minssam.WebSocketClient;
				PRODUCT_NAME = "$(TARGET_NAME)";
				SWIFT_VERSION = 5.0;
				TARGETED_DEVICE_FAMILY = "1,2";
			};
			name = Debug;
		};
		AC8175D42417369E00F6689F /* Release */ = {
			isa = XCBuildConfiguration;
			baseConfigurationReference = 7EFBA8C71C9BA12D625907B9 /* Pods-WebSocketClient.release.xcconfig */;
			buildSettings = {
				ASSETCATALOG_COMPILER_APPICON_NAME = AppIcon;
				CODE_SIGN_STYLE = Automatic;
				INFOPLIST_FILE = WebSocketClient/Info.plist;
				LD_RUNPATH_SEARCH_PATHS = (
					"$(inherited)",
					"@executable_path/Frameworks",
				);
				PRODUCT_BUNDLE_IDENTIFIER = com.minssam.WebSocketClient;
				PRODUCT_NAME = "$(TARGET_NAME)";
				SWIFT_VERSION = 5.0;
				TARGETED_DEVICE_FAMILY = "1,2";
			};
			name = Release;
		};
/* End XCBuildConfiguration section */

/* Begin XCConfigurationList section */
		AC8175B92417369D00F6689F /* Build configuration list for PBXProject "WebSocketClient" */ = {
			isa = XCConfigurationList;
			buildConfigurations = (
				AC8175D02417369E00F6689F /* Debug */,
				AC8175D12417369E00F6689F /* Release */,
			);
			defaultConfigurationIsVisible = 0;
			defaultConfigurationName = Release;
		};
		AC8175D22417369E00F6689F /* Build configuration list for PBXNativeTarget "WebSocketClient" */ = {
			isa = XCConfigurationList;
			buildConfigurations = (
				AC8175D32417369E00F6689F /* Debug */,
				AC8175D42417369E00F6689F /* Release */,
			);
			defaultConfigurationIsVisible = 0;
			defaultConfigurationName = Release;
		};
/* End XCConfigurationList section */
	};
	rootObject = AC8175B62417369D00F6689F /* Project object */;
}
